
Microsoft Visual Studio Solution File, Format Version 12.00
# Visual Studio Version 17
VisualStudioVersion = 17.7.34024.191
MinimumVisualStudioVersion = 10.0.40219.1
Project("{FAE04EC0-301F-11D3-BF4B-00C04F79EFBC}") = "LibrarySystem-MVC", "LibrarySystem-MVC\LibrarySystem-MVC.csproj", "{C884B367-C9D9-41C6-AA07-B5CE16A52A7C}"
EndProject
Global
	GlobalSection(SolutionConfigurationPlatforms) = preSolution
		Debug|Any CPU = Debug|Any CPU
		Release|Any CPU = Release|Any CPU
	EndGlobalSection
	GlobalSection(ProjectConfigurationPlatforms) = postSolution
		{C884B367-C9D9-41C6-AA07-B5CE16A52A7C}.Debug|Any CPU.ActiveCfg = Debug|Any CPU
		{C884B367-C9D9-41C6-AA07-B5CE16A52A7C}.Debug|Any CPU.Build.0 = Debug|Any CPU
		{C884B367-C9D9-41C6-AA07-B5CE16A52A7C}.Release|Any CPU.ActiveCfg = Release|Any CPU
		{C884B367-C9D9-41C6-AA07-B5CE16A52A7C}.Release|Any CPU.Build.0 = Release|Any CPU
	EndGlobalSection
	GlobalSection(SolutionProperties) = preSolution
		HideSolutionNode = FALSE
	EndGlobalSection
	GlobalSection(ExtensibilityGlobals) = postSolution
		SolutionGuid = {3C53E563-D938-491A-A77E-2B881E5B4A89}
	EndGlobalSection
EndGlobal
